# This file is automatically @generated by Cargo.
# It is not intended for manual editing.
version = 4

[[package]]
name = "deck-application"
version = "0.0.1"

[[package]]
name = "libdatabase"
version = "0.0.1"

[[package]]
name = "libdj"
version = "0.0.1"

[[package]]
name = "libui"
version = "0.0.1"
